<?xml version="1.0" encoding="UTF-8" standalone="yes" ?>
<CodeBlocks_project_file>
	<FileVersion major="1" minor="6" />
	<Project>
		<Option title="GeneticAlgorithm" />
		<Option pch_mode="2" />
		<Option compiler="gcc" />
		<Option virtualFolders="default_src/;default_headers/;" />
		<Build>
			<Target title="Debug">
				<Option output="bin/Debug/GeneticAlgorithm" prefix_auto="1" extension_auto="1" />
				<Option object_output="obj/Debug/" />
				<Option type="1" />
				<Option compiler="gcc" />
				<Option parameters="input/a280-ttp/a280_n279_bounded-strongly-corr_01.ttp" />
				<Compiler>
					<Add option="-O3" />
					<Add option="-std=c++14" />
					<Add option="-g" />
					<Add directory="src" />
					<Add directory="include" />
				</Compiler>
			</Target>
			<Target title="Release">
				<Option output="bin/Release/GeneticAlgorithm" prefix_auto="1" extension_auto="1" />
				<Option object_output="obj/Release/" />
				<Option type="1" />
				<Option compiler="gcc" />
				<Option parameters="input/a280-ttp/a280_n279_bounded-strongly-corr_01.ttp" />
				<Compiler>
					<Add option="-O2" />
					<Add directory="src" />
					<Add directory="include" />
				</Compiler>
				<Linker>
					<Add option="-s" />
				</Linker>
			</Target>
		</Build>
		<Compiler>
			<Add option="-Wall" />
			<Add option="-fexceptions" />
		</Compiler>
		<Unit filename="include/City.cpp" />
		<Unit filename="include/City.h" />
		<Unit filename="include/Item.cpp" />
		<Unit filename="include/Item.h" />
		<Unit filename="include/TravelingThiefDatabase.cpp" />
		<Unit filename="include/TravelingThiefDatabase.h" />
		<Unit filename="include/TravelingThiefIndividual.cpp" />
		<Unit filename="include/TravelingThiefIndividual.h" />
		<Unit filename="include/TravelingThiefIndividualBuilder.cpp" />
		<Unit filename="include/TravelingThiefIndividualBuilder.h" />
		<Unit filename="include/TravelingThiefParser.cpp" />
		<Unit filename="include/TravelingThiefParser.h" />
		<Unit filename="main.cpp" />
		<Unit filename="src/Configures.cpp" />
		<Unit filename="src/Configures.h" />
		<Unit filename="src/Crossover.cpp" />
		<Unit filename="src/Crossover.h" />
		<Unit filename="src/Database.cpp" />
		<Unit filename="src/Database.h" />
		<Unit filename="src/Individual.cpp" />
		<Unit filename="src/Individual.h" />
		<Unit filename="src/IndividualBuilder.cpp" />
		<Unit filename="src/IndividualBuilder.h" />
		<Unit filename="src/IndividualSelector.cpp" />
		<Unit filename="src/IndividualSelector.h" />
		<Unit filename="src/Mutation.cpp" />
		<Unit filename="src/Mutation.h" />
		<Unit filename="src/Parser.cpp" />
		<Unit filename="src/Parser.h" />
		<Unit filename="src/PopulationReplacement.cpp" />
		<Unit filename="src/PopulationReplacement.h" />
		<Unit filename="src/SearchEngine.cpp" />
		<Unit filename="src/SearchEngine.h" />
		<Unit filename="src/SimpleCrossover.cpp">
			<Option virtualFolder="default_src/" />
		</Unit>
		<Unit filename="src/SimpleCrossover.h">
			<Option virtualFolder="default_headers/" />
		</Unit>
		<Unit filename="src/SimpleIndividual.cpp">
			<Option virtualFolder="default_src/" />
		</Unit>
		<Unit filename="src/SimpleIndividual.h">
			<Option virtualFolder="default_headers/" />
		</Unit>
		<Unit filename="src/SimpleIndividualBuilder.cpp">
			<Option virtualFolder="default_src/" />
		</Unit>
		<Unit filename="src/SimpleIndividualBuilder.h">
			<Option virtualFolder="default_headers/" />
		</Unit>
		<Unit filename="src/SimpleIndividualSelector.cpp">
			<Option virtualFolder="default_src/" />
		</Unit>
		<Unit filename="src/SimpleIndividualSelector.h">
			<Option virtualFolder="default_headers/" />
		</Unit>
		<Unit filename="src/SimpleMutation.cpp">
			<Option virtualFolder="default_src/" />
		</Unit>
		<Unit filename="src/SimpleMutation.h">
			<Option virtualFolder="default_headers/" />
		</Unit>
		<Unit filename="src/SimpleParser.cpp">
			<Option virtualFolder="default_src/" />
		</Unit>
		<Unit filename="src/SimpleParser.h">
			<Option virtualFolder="default_headers/" />
		</Unit>
		<Unit filename="src/SimpleReplacement.cpp">
			<Option virtualFolder="default_src/" />
		</Unit>
		<Unit filename="src/SimpleReplacement.h">
			<Option virtualFolder="default_headers/" />
		</Unit>
		<Extensions>
			<code_completion />
			<debugger />
		</Extensions>
	</Project>
</CodeBlocks_project_file>
